
Microsoft Visual Studio Solution File, Format Version 12.00
Project("{FAE04EC0-301F-11D3-BF4B-00C04F79EFBC}") = "samples.microservice.api", "samples.microservice.api\samples.microservice.api.csproj", "{01B1128A-0316-4FFF-9D91-3C3A71F9A368}"
EndProject
Project("{FAE04EC0-301F-11D3-BF4B-00C04F79EFBC}") = "samples.microservice.core", "samples.microservice.core\samples.microservice.core.csproj", "{2447D6F5-0AD0-4490-91DD-20768226F09E}"
EndProject
Project("{FAE04EC0-301F-11D3-BF4B-00C04F79EFBC}") = "samples.microservice.repository", "samples.microservice.repository\samples.microservice.repository.csproj", "{BA21605E-74BC-4CF3-BEE0-D10DE45931CB}"
EndProject
Project("{FAE04EC0-301F-11D3-BF4B-00C04F79EFBC}") = "samples.microservice.entities", "samples.microservice.entities\samples.microservice.entities.csproj", "{7BECEABC-51B3-4BB7-8E1D-9F0C220FCDD4}"
EndProject
Project("{FAE04EC0-301F-11D3-BF4B-00C04F79EFBC}") = "samples.microservice.tests", "samples.microservice.tests\samples.microservice.tests.csproj", "{B527A526-90FC-4716-BE5E-46668659263B}"
EndProject
Global
	GlobalSection(SolutionConfigurationPlatforms) = preSolution
		Debug|Any CPU = Debug|Any CPU
		Release|Any CPU = Release|Any CPU
	EndGlobalSection
	GlobalSection(ProjectConfigurationPlatforms) = postSolution
		{01B1128A-0316-4FFF-9D91-3C3A71F9A368}.Debug|Any CPU.ActiveCfg = Debug|Any CPU
		{01B1128A-0316-4FFF-9D91-3C3A71F9A368}.Debug|Any CPU.Build.0 = Debug|Any CPU
		{01B1128A-0316-4FFF-9D91-3C3A71F9A368}.Release|Any CPU.ActiveCfg = Release|Any CPU
		{01B1128A-0316-4FFF-9D91-3C3A71F9A368}.Release|Any CPU.Build.0 = Release|Any CPU
		{2447D6F5-0AD0-4490-91DD-20768226F09E}.Debug|Any CPU.ActiveCfg = Debug|Any CPU
		{2447D6F5-0AD0-4490-91DD-20768226F09E}.Debug|Any CPU.Build.0 = Debug|Any CPU
		{2447D6F5-0AD0-4490-91DD-20768226F09E}.Release|Any CPU.ActiveCfg = Release|Any CPU
		{2447D6F5-0AD0-4490-91DD-20768226F09E}.Release|Any CPU.Build.0 = Release|Any CPU
		{BA21605E-74BC-4CF3-BEE0-D10DE45931CB}.Debug|Any CPU.ActiveCfg = Debug|Any CPU
		{BA21605E-74BC-4CF3-BEE0-D10DE45931CB}.Debug|Any CPU.Build.0 = Debug|Any CPU
		{BA21605E-74BC-4CF3-BEE0-D10DE45931CB}.Release|Any CPU.ActiveCfg = Release|Any CPU
		{BA21605E-74BC-4CF3-BEE0-D10DE45931CB}.Release|Any CPU.Build.0 = Release|Any CPU
		{7BECEABC-51B3-4BB7-8E1D-9F0C220FCDD4}.Debug|Any CPU.ActiveCfg = Debug|Any CPU
		{7BECEABC-51B3-4BB7-8E1D-9F0C220FCDD4}.Debug|Any CPU.Build.0 = Debug|Any CPU
		{7BECEABC-51B3-4BB7-8E1D-9F0C220FCDD4}.Release|Any CPU.ActiveCfg = Release|Any CPU
		{7BECEABC-51B3-4BB7-8E1D-9F0C220FCDD4}.Release|Any CPU.Build.0 = Release|Any CPU
		{B527A526-90FC-4716-BE5E-46668659263B}.Debug|Any CPU.ActiveCfg = Debug|Any CPU
		{B527A526-90FC-4716-BE5E-46668659263B}.Debug|Any CPU.Build.0 = Debug|Any CPU
		{B527A526-90FC-4716-BE5E-46668659263B}.Release|Any CPU.ActiveCfg = Release|Any CPU
		{B527A526-90FC-4716-BE5E-46668659263B}.Release|Any CPU.Build.0 = Release|Any CPU
	EndGlobalSection
EndGlobal
